// !$*UTF8*$!
{
	archiveVersion = 1;
	classes = {
	};
	objectVersion = 50;
	objects = {

/* Begin PBXBuildFile section */
		899E1A0B23CF7EDF00CB35B5 /* AppDelegate.swift in Sources */ = {isa = PBXBuildFile; fileRef = 899E1A0A23CF7EDF00CB35B5 /* AppDelegate.swift */; };
		899E1A0D23CF7EDF00CB35B5 /* SceneDelegate.swift in Sources */ = {isa = PBXBuildFile; fileRef = 899E1A0C23CF7EDF00CB35B5 /* SceneDelegate.swift */; };
		899E1A0F23CF7EDF00CB35B5 /* ViewController.swift in Sources */ = {isa = PBXBuildFile; fileRef = 899E1A0E23CF7EDF00CB35B5 /* ViewController.swift */; };
		899E1A1223CF7EE000CB35B5 /* Main.storyboard in Resources */ = {isa = PBXBuildFile; fileRef = 899E1A1023CF7EE000CB35B5 /* Main.storyboard */; };
		899E1A1423CF7EE400CB35B5 /* Assets.xcassets in Resources */ = {isa = PBXBuildFile; fileRef = 899E1A1323CF7EE400CB35B5 /* Assets.xcassets */; };
		899E1A1723CF7EE400CB35B5 /* LaunchScreen.storyboard in Resources */ = {isa = PBXBuildFile; fileRef = 899E1A1523CF7EE400CB35B5 /* LaunchScreen.storyboard */; };
/* End PBXBuildFile section */

/* Begin PBXFileReference section */
		899E1A0723CF7EDF00CB35B5 /* Remembrall.app */ = {isa = PBXFileReference; explicitFileType = wrapper.application; includeInIndex = 0; path = Remembrall.app; sourceTree = BUILT_PRODUCTS_DIR; };
		899E1A0A23CF7EDF00CB35B5 /* AppDelegate.swift */ = {isa = PBXFileReference; lastKnownFileType = sourcecode.swift; path = AppDelegate.swift; sourceTree = "<group>"; };
		899E1A0C23CF7EDF00CB35B5 /* SceneDelegate.swift */ = {isa = PBXFileReference; lastKnownFileType = sourcecode.swift; path = SceneDelegate.swift; sourceTree = "<group>"; };
		899E1A0E23CF7EDF00CB35B5 /* ViewController.swift */ = {isa = PBXFileReference; lastKnownFileType = sourcecode.swift; path = ViewController.swift; sourceTree = "<group>"; };
		899E1A1123CF7EE000CB35B5 /* Base */ = {isa = PBXFileReference; lastKnownFileType = file.storyboard; name = Base; path = Base.lproj/Main.storyboard; sourceTree = "<group>"; };
		899E1A1323CF7EE400CB35B5 /* Assets.xcassets */ = {isa = PBXFileReference; lastKnownFileType = folder.assetcatalog; path = Assets.xcassets; sourceTree = "<group>"; };
		899E1A1623CF7EE400CB35B5 /* Base */ = {isa = PBXFileReference; lastKnownFileType = file.storyboard; name = Base; path = Base.lproj/LaunchScreen.storyboard; sourceTree = "<group>"; };
		899E1A1823CF7EE400CB35B5 /* Info.plist */ = {isa = PBXFileReference; lastKnownFileType = text.plist.xml; path = Info.plist; sourceTree = "<group>"; };
/* End PBXFileReference section */

/* Begin PBXFrameworksBuildPhase section */
		899E1A0423CF7EDF00CB35B5 /* Frameworks */ = {
			isa = PBXFrameworksBuildPhase;
			buildActionMask = 2147483647;
			files = (
			);
			runOnlyForDeploymentPostprocessing = 0;
		};
/* End PBXFrameworksBuildPhase section */

/* Begin PBXGroup section */
		899E19FE23CF7EDF00CB35B5 = {
			isa = PBXGroup;
			children = (
				899E1A0923CF7EDF00CB35B5 /* Remembrall */,
				899E1A0823CF7EDF00CB35B5 /* Products */,
			);
			sourceTree = "<group>";
		};
		899E1A0823CF7EDF00CB35B5 /* Products */ = {
			isa = PBXGroup;
			children = (
				899E1A0723CF7EDF00CB35B5 /* Remembrall.app */,
			);
			name = Products;
			sourceTree = "<group>";
		};
		899E1A0923CF7EDF00CB35B5 /* Remembrall */ = {
			isa = PBXGroup;
			children = (
				899E1A0A23CF7EDF00CB35B5 /* AppDelegate.swift */,
				899E1A0C23CF7EDF00CB35B5 /* SceneDelegate.swift */,
				899E1A0E23CF7EDF00CB35B5 /* ViewController.swift */,
				899E1A1023CF7EE000CB35B5 /* Main.storyboard */,
				899E1A1323CF7EE400CB35B5 /* Assets.xcassets */,
				899E1A1523CF7EE400CB35B5 /* LaunchScreen.storyboard */,
				899E1A1823CF7EE400CB35B5 /* Info.plist */,
			);
			path = Remembrall;
			sourceTree = "<group>";
		};
/* End PBXGroup section */

/* Begin PBXNativeTarget section */
		899E1A0623CF7EDF00CB35B5 /* Remembrall */ = {
			isa = PBXNativeTarget;
			buildConfigurationList = 899E1A1B23CF7EE400CB35B5 /* Build configuration list for PBXNativeTarget "Remembrall" */;
			buildPhases = (
				899E1A0323CF7EDF00CB35B5 /* Sources */,
				899E1A0423CF7EDF00CB35B5 /* Frameworks */,
				899E1A0523CF7EDF00CB35B5 /* Resources */,
			);
			buildRules = (
			);
			dependencies = (
			);
			name = Remembrall;
			productName = Remembrall;
			productReference = 899E1A0723CF7EDF00CB35B5 /* Remembrall.app */;
			productType = "com.apple.product-type.application";
		};
/* End PBXNativeTarget section */

/* Begin PBXProject section */
		899E19FF23CF7EDF00CB35B5 /* Project object */ = {
			isa = PBXProject;
			attributes = {
				LastSwiftUpdateCheck = 1120;
				LastUpgradeCheck = 1120;
				ORGANIZATIONNAME = "Samar Seth";
				TargetAttributes = {
					899E1A0623CF7EDF00CB35B5 = {
						CreatedOnToolsVersion = 11.2;
					};
				};
			};
			buildConfigurationList = 899E1A0223CF7EDF00CB35B5 /* Build configuration list for PBXProject "Remembrall" */;
			compatibilityVersion = "Xcode 9.3";
			developmentRegion = en;
			hasScannedForEncodings = 0;
			knownRegions = (
				en,
				Base,
			);
			mainGroup = 899E19FE23CF7EDF00CB35B5;
			productRefGroup = 899E1A0823CF7EDF00CB35B5 /* Products */;
			projectDirPath = "";
			projectRoot = "";
			targets = (
				899E1A0623CF7EDF00CB35B5 /* Remembrall */,
			);
		};
/* End PBXProject section */

/* Begin PBXResourcesBuildPhase section */
		899E1A0523CF7EDF00CB35B5 /* Resources */ = {
			isa = PBXResourcesBuildPhase;
			buildActionMask = 2147483647;
			files = (
				899E1A1723CF7EE400CB35B5 /* LaunchScreen.storyboard in Resources */,
				899E1A1423CF7EE400CB35B5 /* Assets.xcassets in Resources */,
				899E1A1223CF7EE000CB35B5 /* Main.storyboard in Resources */,
			);
			runOnlyForDeploymentPostprocessing = 0;
		};
/* End PBXResourcesBuildPhase section */

/* Begin PBXSourcesBuildPhase section */
		899E1A0323CF7EDF00CB35B5 /* Sources */ = {
			isa = PBXSourcesBuildPhase;
			buildActionMask = 2147483647;
			files = (
				899E1A0F23CF7EDF00CB35B5 /* ViewController.swift in Sources */,
				899E1A0B23CF7EDF00CB35B5 /* AppDelegate.swift in Sources */,
				899E1A0D23CF7EDF00CB35B5 /* SceneDelegate.swift in Sources */,
			);
			runOnlyForDeploymentPostprocessing = 0;
		};
/* End PBXSourcesBuildPhase section */

/* Begin PBXVariantGroup section */
		899E1A1023CF7EE000CB35B5 /* Main.storyboard */ = {
			isa = PBXVariantGroup;
			children = (
				899E1A1123CF7EE000CB35B5 /* Base */,
			);
			name = Main.storyboard;
			sourceTree = "<group>";
		};
		899E1A1523CF7EE400CB35B5 /* LaunchScreen.storyboard */ = {
			isa = PBXVariantGroup;
			children = (
				899E1A1623CF7EE400CB35B5 /* Base */,
			);
			name = LaunchScreen.storyboard;
			sourceTree = "<group>";
		};
/* End PBXVariantGroup section */

/* Begin XCBuildConfiguration section */
		899E1A1923CF7EE400CB35B5 /* Debug */ = {
			isa = XCBuildConfiguration;
			buildSettings = {
				ALWAYS_SEARCH_USER_PATHS = NO;
				CLANG_ANALYZER_NONNULL = YES;
				CLANG_ANALYZER_NUMBER_OBJECT_CONVERSION = YES_AGGRESSIVE;
				CLANG_CXX_LANGUAGE_STANDARD = "gnu++14";
				CLANG_CXX_LIBRARY = "libc++";
				CLANG_ENABLE_MODULES = YES;
				CLANG_ENABLE_OBJC_ARC = YES;
				CLANG_ENABLE_OBJC_WEAK = YES;
				CLANG_WARN_BLOCK_CAPTURE_AUTORELEASING = YES;
				CLANG_WARN_BOOL_CONVERSION = YES;
				CLANG_WARN_COMMA = YES;
				CLANG_WARN_CONSTANT_CONVERSION = YES;
				CLANG_WARN_DEPRECATED_OBJC_IMPLEMENTATIONS = YES;
				CLANG_WARN_DIRECT_OBJC_ISA_USAGE = YES_ERROR;
				CLANG_WARN_DOCUMENTATION_COMMENTS = YES;
				CLANG_WARN_EMPTY_BODY = YES;
				CLANG_WARN_ENUM_CONVERSION = YES;
				CLANG_WARN_INFINITE_RECURSION = YES;
				CLANG_WARN_INT_CONVERSION = YES;
				CLANG_WARN_NON_LITERAL_NULL_CONVERSION = YES;
				CLANG_WARN_OBJC_IMPLICIT_RETAIN_SELF = YES;
				CLANG_WARN_OBJC_LITERAL_CONVERSION = YES;
				CLANG_WARN_OBJC_ROOT_CLASS = YES_ERROR;
				CLANG_WARN_RANGE_LOOP_ANALYSIS = YES;
				CLANG_WARN_STRICT_PROTOTYPES = YES;
				CLANG_WARN_SUSPICIOUS_MOVE = YES;
				CLANG_WARN_UNGUARDED_AVAILABILITY = YES_AGGRESSIVE;
				CLANG_WARN_UNREACHABLE_CODE = YES;
				CLANG_WARN__DUPLICATE_METHOD_MATCH = YES;
				COPY_PHASE_STRIP = NO;
				DEBUG_INFORMATION_FORMAT = dwarf;
				ENABLE_STRICT_OBJC_MSGSEND = YES;
				ENABLE_TESTABILITY = YES;
				GCC_C_LANGUAGE_STANDARD = gnu11;
				GCC_DYNAMIC_NO_PIC = NO;
				GCC_NO_COMMON_BLOCKS = YES;
				GCC_OPTIMIZATION_LEVEL = 0;
				GCC_PREPROCESSOR_DEFINITIONS = (
					"DEBUG=1",
					"$(inherited)",
				);
				GCC_WARN_64_TO_32_BIT_CONVERSION = YES;
				GCC_WARN_ABOUT_RETURN_TYPE = YES_ERROR;
				GCC_WARN_UNDECLARED_SELECTOR = YES;
				GCC_WARN_UNINITIALIZED_AUTOS = YES_AGGRESSIVE;
				GCC_WARN_UNUSED_FUNCTION = YES;
				GCC_WARN_UNUSED_VARIABLE = YES;
				IPHONEOS_DEPLOYMENT_TARGET = 13.2;
				MTL_ENABLE_DEBUG_INFO = INCLUDE_SOURCE;
				MTL_FAST_MATH = YES;
				ONLY_ACTIVE_ARCH = YES;
				SDKROOT = iphoneos;
				SWIFT_ACTIVE_COMPILATION_CONDITIONS = DEBUG;
				SWIFT_OPTIMIZATION_LEVEL = "-Onone";
			};
			name = Debug;
		};
		899E1A1A23CF7EE400CB35B5 /* Release */ = {
			isa = XCBuildConfiguration;
			buildSettings = {
				ALWAYS_SEARCH_USER_PATHS = NO;
				CLANG_ANALYZER_NONNULL = YES;
				CLANG_ANALYZER_NUMBER_OBJECT_CONVERSION = YES_AGGRESSIVE;
				CLANG_CXX_LANGUAGE_STANDARD = "gnu++14";
				CLANG_CXX_LIBRARY = "libc++";
				CLANG_ENABLE_MODULES = YES;
				CLANG_ENABLE_OBJC_ARC = YES;
				CLANG_ENABLE_OBJC_WEAK = YES;
				CLANG_WARN_BLOCK_CAPTURE_AUTORELEASING = YES;
				CLANG_WARN_BOOL_CONVERSION = YES;
				CLANG_WARN_COMMA = YES;
				CLANG_WARN_CONSTANT_CONVERSION = YES;
				CLANG_WARN_DEPRECATED_OBJC_IMPLEMENTATIONS = YES;
				CLANG_WARN_DIRECT_OBJC_ISA_USAGE = YES_ERROR;
				CLANG_WARN_DOCUMENTATION_COMMENTS = YES;
				CLANG_WARN_EMPTY_BODY = YES;
				CLANG_WARN_ENUM_CONVERSION = YES;
				CLANG_WARN_INFINITE_RECURSION = YES;
				CLANG_WARN_INT_CONVERSION = YES;
				CLANG_WARN_NON_LITERAL_NULL_CONVERSION = YES;
				CLANG_WARN_OBJC_IMPLICIT_RETAIN_SELF = YES;
				CLANG_WARN_OBJC_LITERAL_CONVERSION = YES;
				CLANG_WARN_OBJC_ROOT_CLASS = YES_ERROR;
				CLANG_WARN_RANGE_LOOP_ANALYSIS = YES;
				CLANG_WARN_STRICT_PROTOTYPES = YES;
				CLANG_WARN_SUSPICIOUS_MOVE = YES;
				CLANG_WARN_UNGUARDED_AVAILABILITY = YES_AGGRESSIVE;
				CLANG_WARN_UNREACHABLE_CODE = YES;
				CLANG_WARN__DUPLICATE_METHOD_MATCH = YES;
				COPY_PHASE_STRIP = NO;
				DEBUG_INFORMATION_FORMAT = "dwarf-with-dsym";
				ENABLE_NS_ASSERTIONS = NO;
				ENABLE_STRICT_OBJC_MSGSEND = YES;
				GCC_C_LANGUAGE_STANDARD = gnu11;
				GCC_NO_COMMON_BLOCKS = YES;
				GCC_WARN_64_TO_32_BIT_CONVERSION = YES;
				GCC_WARN_ABOUT_RETURN_TYPE = YES_ERROR;
				GCC_WARN_UNDECLARED_SELECTOR = YES;
				GCC_WARN_UNINITIALIZED_AUTOS = YES_AGGRESSIVE;
				GCC_WARN_UNUSED_FUNCTION = YES;
				GCC_WARN_UNUSED_VARIABLE = YES;
				IPHONEOS_DEPLOYMENT_TARGET = 13.2;
				MTL_ENABLE_DEBUG_INFO = NO;
				MTL_FAST_MATH = YES;
				SDKROOT = iphoneos;
				SWIFT_COMPILATION_MODE = wholemodule;
				SWIFT_OPTIMIZATION_LEVEL = "-O";
				VALIDATE_PRODUCT = YES;
			};
			name = Release;
		};
		899E1A1C23CF7EE400CB35B5 /* Debug */ = {
			isa = XCBuildConfiguration;
			buildSettings = {
				ASSETCATALOG_COMPILER_APPICON_NAME = AppIcon;
				CODE_SIGN_STYLE = Automatic;
				INFOPLIST_FILE = Remembrall/Info.plist;
				LD_RUNPATH_SEARCH_PATHS = (
					"$(inherited)",
					"@executable_path/Frameworks",
				);
				PRODUCT_BUNDLE_IDENTIFIER = SS.Remembrall;
				PRODUCT_NAME = "$(TARGET_NAME)";
				SWIFT_VERSION = 5.0;
				TARGETED_DEVICE_FAMILY = "1,2";
			};
			name = Debug;
		};
		899E1A1D23CF7EE400CB35B5 /* Release */ = {
			isa = XCBuildConfiguration;
			buildSettings = {
				ASSETCATALOG_COMPILER_APPICON_NAME = AppIcon;
				CODE_SIGN_STYLE = Automatic;
				INFOPLIST_FILE = Remembrall/Info.plist;
				LD_RUNPATH_SEARCH_PATHS = (
					"$(inherited)",
					"@executable_path/Frameworks",
				);
				PRODUCT_BUNDLE_IDENTIFIER = SS.Remembrall;
				PRODUCT_NAME = "$(TARGET_NAME)";
				SWIFT_VERSION = 5.0;
				TARGETED_DEVICE_FAMILY = "1,2";
			};
			name = Release;
		};
/* End XCBuildConfiguration section */

/* Begin XCConfigurationList section */
		899E1A0223CF7EDF00CB35B5 /* Build configuration list for PBXProject "Remembrall" */ = {
			isa = XCConfigurationList;
			buildConfigurations = (
				899E1A1923CF7EE400CB35B5 /* Debug */,
				899E1A1A23CF7EE400CB35B5 /* Release */,
			);
			defaultConfigurationIsVisible = 0;
			defaultConfigurationName = Release;
		};
		899E1A1B23CF7EE400CB35B5 /* Build configuration list for PBXNativeTarget "Remembrall" */ = {
			isa = XCConfigurationList;
			buildConfigurations = (
				899E1A1C23CF7EE400CB35B5 /* Debug */,
				899E1A1D23CF7EE400CB35B5 /* Release */,
			);
			defaultConfigurationIsVisible = 0;
			defaultConfigurationName = Release;
		};
/* End XCConfigurationList section */
	};
	rootObject = 899E19FF23CF7EDF00CB35B5 /* Project object */;
}
